
Microsoft Visual Studio Solution File, Format Version 12.00
# Visual Studio Version 16
VisualStudioVersion = 16.0.30002.166
MinimumVisualStudioVersion = 10.0.40219.1
Project("{FAE04EC0-301F-11D3-BF4B-00C04F79EFBC}") = "barbados-portal-test", "barbados-portal-test\barbados-portal-test.csproj", "{A8ACB0B8-3D63-4AAE-AF58-B92DD16490C6}"
EndProject
Global
	GlobalSection(SolutionConfigurationPlatforms) = preSolution
		Debug|Any CPU = Debug|Any CPU
		Release|Any CPU = Release|Any CPU
	EndGlobalSection
	GlobalSection(ProjectConfigurationPlatforms) = postSolution
		{A8ACB0B8-3D63-4AAE-AF58-B92DD16490C6}.Debug|Any CPU.ActiveCfg = Debug|Any CPU
		{A8ACB0B8-3D63-4AAE-AF58-B92DD16490C6}.Debug|Any CPU.Build.0 = Debug|Any CPU
		{A8ACB0B8-3D63-4AAE-AF58-B92DD16490C6}.Release|Any CPU.ActiveCfg = Release|Any CPU
		{A8ACB0B8-3D63-4AAE-AF58-B92DD16490C6}.Release|Any CPU.Build.0 = Release|Any CPU
	EndGlobalSection
	GlobalSection(SolutionProperties) = preSolution
		HideSolutionNode = FALSE
	EndGlobalSection
	GlobalSection(ExtensibilityGlobals) = postSolution
		SolutionGuid = {126E4086-5DFD-4873-ADCB-6A2E0BBF4A17}
	EndGlobalSection
EndGlobal
